
Microsoft Visual Studio Solution File, Format Version 12.00
# Visual Studio Version 17
VisualStudioVersion = 17.0.31903.59
MinimumVisualStudioVersion = 10.0.40219.1
Project("{2150E333-8FDC-42A3-9474-1A3956D46DE8}") = "src", "src", "{827E0CD3-B72D-47B6-A68D-7590B98EB39B}"
EndProject
Project("{FAE04EC0-301F-11D3-BF4B-00C04F79EFBC}") = "Handlr.Abstractions", "src\Handlr.Abstractions\Handlr.Abstractions.csproj", "{E9446C58-D6B4-40FC-893A-7BB19C44BDB0}"
EndProject
Project("{FAE04EC0-301F-11D3-BF4B-00C04F79EFBC}") = "Handlr.SourceGenerator", "src\Handlr.SourceGenerator\Handlr.SourceGenerator.csproj", "{B73C2301-B942-4DB9-B9D7-FB67C7770D30}"
EndProject
Project("{2150E333-8FDC-42A3-9474-1A3956D46DE8}") = "samples", "samples", "{5D20AA90-6969-D8BD-9DCD-8634F4692FDA}"
EndProject
Project("{FAE04EC0-301F-11D3-BF4B-00C04F79EFBC}") = "SampleWebApi", "samples\SampleWebApi\SampleWebApi.csproj", "{ECC076F9-15D6-4D46-A5BF-D66A536D4AE8}"
EndProject
Project("{FAE04EC0-301F-11D3-BF4B-00C04F79EFBC}") = "SampleConsoleApp", "samples\SampleConsoleApp\SampleConsoleApp.csproj", "{79EEEB3F-07DA-4FDC-BED1-538D8046A469}"
EndProject
Project("{2150E333-8FDC-42A3-9474-1A3956D46DE8}") = "tests", "tests", "{0AB3BF05-4346-4AA6-1389-037BE0695223}"
EndProject
Project("{FAE04EC0-301F-11D3-BF4B-00C04F79EFBC}") = "Handlr.Tests", "tests\Handlr.Tests\Handlr.Tests.csproj", "{E3AFF3EF-9B8C-4BFE-BAED-E05B1C98AE03}"
EndProject
Global
	GlobalSection(SolutionConfigurationPlatforms) = preSolution
		Debug|Any CPU = Debug|Any CPU
		Debug|x64 = Debug|x64
		Debug|x86 = Debug|x86
		Release|Any CPU = Release|Any CPU
		Release|x64 = Release|x64
		Release|x86 = Release|x86
	EndGlobalSection
	GlobalSection(ProjectConfigurationPlatforms) = postSolution
		{E9446C58-D6B4-40FC-893A-7BB19C44BDB0}.Debug|Any CPU.ActiveCfg = Debug|Any CPU
		{E9446C58-D6B4-40FC-893A-7BB19C44BDB0}.Debug|Any CPU.Build.0 = Debug|Any CPU
		{E9446C58-D6B4-40FC-893A-7BB19C44BDB0}.Debug|x64.ActiveCfg = Debug|Any CPU
		{E9446C58-D6B4-40FC-893A-7BB19C44BDB0}.Debug|x64.Build.0 = Debug|Any CPU
		{E9446C58-D6B4-40FC-893A-7BB19C44BDB0}.Debug|x86.ActiveCfg = Debug|Any CPU
		{E9446C58-D6B4-40FC-893A-7BB19C44BDB0}.Debug|x86.Build.0 = Debug|Any CPU
		{E9446C58-D6B4-40FC-893A-7BB19C44BDB0}.Release|Any CPU.ActiveCfg = Release|Any CPU
		{E9446C58-D6B4-40FC-893A-7BB19C44BDB0}.Release|Any CPU.Build.0 = Release|Any CPU
		{E9446C58-D6B4-40FC-893A-7BB19C44BDB0}.Release|x64.ActiveCfg = Release|Any CPU
		{E9446C58-D6B4-40FC-893A-7BB19C44BDB0}.Release|x64.Build.0 = Release|Any CPU
		{E9446C58-D6B4-40FC-893A-7BB19C44BDB0}.Release|x86.ActiveCfg = Release|Any CPU
		{E9446C58-D6B4-40FC-893A-7BB19C44BDB0}.Release|x86.Build.0 = Release|Any CPU
		{B73C2301-B942-4DB9-B9D7-FB67C7770D30}.Debug|Any CPU.ActiveCfg = Debug|Any CPU
		{B73C2301-B942-4DB9-B9D7-FB67C7770D30}.Debug|Any CPU.Build.0 = Debug|Any CPU
		{B73C2301-B942-4DB9-B9D7-FB67C7770D30}.Debug|x64.ActiveCfg = Debug|Any CPU
		{B73C2301-B942-4DB9-B9D7-FB67C7770D30}.Debug|x64.Build.0 = Debug|Any CPU
		{B73C2301-B942-4DB9-B9D7-FB67C7770D30}.Debug|x86.ActiveCfg = Debug|Any CPU
		{B73C2301-B942-4DB9-B9D7-FB67C7770D30}.Debug|x86.Build.0 = Debug|Any CPU
		{B73C2301-B942-4DB9-B9D7-FB67C7770D30}.Release|Any CPU.ActiveCfg = Release|Any CPU
		{B73C2301-B942-4DB9-B9D7-FB67C7770D30}.Release|Any CPU.Build.0 = Release|Any CPU
		{B73C2301-B942-4DB9-B9D7-FB67C7770D30}.Release|x64.ActiveCfg = Release|Any CPU
		{B73C2301-B942-4DB9-B9D7-FB67C7770D30}.Release|x64.Build.0 = Release|Any CPU
		{B73C2301-B942-4DB9-B9D7-FB67C7770D30}.Release|x86.ActiveCfg = Release|Any CPU
		{B73C2301-B942-4DB9-B9D7-FB67C7770D30}.Release|x86.Build.0 = Release|Any CPU
		{ECC076F9-15D6-4D46-A5BF-D66A536D4AE8}.Debug|Any CPU.ActiveCfg = Debug|Any CPU
		{ECC076F9-15D6-4D46-A5BF-D66A536D4AE8}.Debug|Any CPU.Build.0 = Debug|Any CPU
		{ECC076F9-15D6-4D46-A5BF-D66A536D4AE8}.Debug|x64.ActiveCfg = Debug|Any CPU
		{ECC076F9-15D6-4D46-A5BF-D66A536D4AE8}.Debug|x64.Build.0 = Debug|Any CPU
		{ECC076F9-15D6-4D46-A5BF-D66A536D4AE8}.Debug|x86.ActiveCfg = Debug|Any CPU
		{ECC076F9-15D6-4D46-A5BF-D66A536D4AE8}.Debug|x86.Build.0 = Debug|Any CPU
		{ECC076F9-15D6-4D46-A5BF-D66A536D4AE8}.Release|Any CPU.ActiveCfg = Release|Any CPU
		{ECC076F9-15D6-4D46-A5BF-D66A536D4AE8}.Release|Any CPU.Build.0 = Release|Any CPU
		{ECC076F9-15D6-4D46-A5BF-D66A536D4AE8}.Release|x64.ActiveCfg = Release|Any CPU
		{ECC076F9-15D6-4D46-A5BF-D66A536D4AE8}.Release|x64.Build.0 = Release|Any CPU
		{ECC076F9-15D6-4D46-A5BF-D66A536D4AE8}.Release|x86.ActiveCfg = Release|Any CPU
		{ECC076F9-15D6-4D46-A5BF-D66A536D4AE8}.Release|x86.Build.0 = Release|Any CPU
		{79EEEB3F-07DA-4FDC-BED1-538D8046A469}.Debug|Any CPU.ActiveCfg = Debug|Any CPU
		{79EEEB3F-07DA-4FDC-BED1-538D8046A469}.Debug|Any CPU.Build.0 = Debug|Any CPU
		{79EEEB3F-07DA-4FDC-BED1-538D8046A469}.Debug|x64.ActiveCfg = Debug|Any CPU
		{79EEEB3F-07DA-4FDC-BED1-538D8046A469}.Debug|x64.Build.0 = Debug|Any CPU
		{79EEEB3F-07DA-4FDC-BED1-538D8046A469}.Debug|x86.ActiveCfg = Debug|Any CPU
		{79EEEB3F-07DA-4FDC-BED1-538D8046A469}.Debug|x86.Build.0 = Debug|Any CPU
		{79EEEB3F-07DA-4FDC-BED1-538D8046A469}.Release|Any CPU.ActiveCfg = Release|Any CPU
		{79EEEB3F-07DA-4FDC-BED1-538D8046A469}.Release|Any CPU.Build.0 = Release|Any CPU
		{79EEEB3F-07DA-4FDC-BED1-538D8046A469}.Release|x64.ActiveCfg = Release|Any CPU
		{79EEEB3F-07DA-4FDC-BED1-538D8046A469}.Release|x64.Build.0 = Release|Any CPU
		{79EEEB3F-07DA-4FDC-BED1-538D8046A469}.Release|x86.ActiveCfg = Release|Any CPU
		{79EEEB3F-07DA-4FDC-BED1-538D8046A469}.Release|x86.Build.0 = Release|Any CPU
		{E3AFF3EF-9B8C-4BFE-BAED-E05B1C98AE03}.Debug|Any CPU.ActiveCfg = Debug|Any CPU
		{E3AFF3EF-9B8C-4BFE-BAED-E05B1C98AE03}.Debug|Any CPU.Build.0 = Debug|Any CPU
		{E3AFF3EF-9B8C-4BFE-BAED-E05B1C98AE03}.Debug|x64.ActiveCfg = Debug|Any CPU
		{E3AFF3EF-9B8C-4BFE-BAED-E05B1C98AE03}.Debug|x64.Build.0 = Debug|Any CPU
		{E3AFF3EF-9B8C-4BFE-BAED-E05B1C98AE03}.Debug|x86.ActiveCfg = Debug|Any CPU
		{E3AFF3EF-9B8C-4BFE-BAED-E05B1C98AE03}.Debug|x86.Build.0 = Debug|Any CPU
		{E3AFF3EF-9B8C-4BFE-BAED-E05B1C98AE03}.Release|Any CPU.ActiveCfg = Release|Any CPU
		{E3AFF3EF-9B8C-4BFE-BAED-E05B1C98AE03}.Release|Any CPU.Build.0 = Release|Any CPU
		{E3AFF3EF-9B8C-4BFE-BAED-E05B1C98AE03}.Release|x64.ActiveCfg = Release|Any CPU
		{E3AFF3EF-9B8C-4BFE-BAED-E05B1C98AE03}.Release|x64.Build.0 = Release|Any CPU
		{E3AFF3EF-9B8C-4BFE-BAED-E05B1C98AE03}.Release|x86.ActiveCfg = Release|Any CPU
		{E3AFF3EF-9B8C-4BFE-BAED-E05B1C98AE03}.Release|x86.Build.0 = Release|Any CPU
	EndGlobalSection
	GlobalSection(SolutionProperties) = preSolution
		HideSolutionNode = FALSE
	EndGlobalSection
	GlobalSection(NestedProjects) = preSolution
		{E9446C58-D6B4-40FC-893A-7BB19C44BDB0} = {827E0CD3-B72D-47B6-A68D-7590B98EB39B}
		{B73C2301-B942-4DB9-B9D7-FB67C7770D30} = {827E0CD3-B72D-47B6-A68D-7590B98EB39B}
		{ECC076F9-15D6-4D46-A5BF-D66A536D4AE8} = {5D20AA90-6969-D8BD-9DCD-8634F4692FDA}
		{79EEEB3F-07DA-4FDC-BED1-538D8046A469} = {5D20AA90-6969-D8BD-9DCD-8634F4692FDA}
		{E3AFF3EF-9B8C-4BFE-BAED-E05B1C98AE03} = {0AB3BF05-4346-4AA6-1389-037BE0695223}
	EndGlobalSection
EndGlobal
